
Microsoft Visual Studio Solution File, Format Version 12.00
# Visual Studio Version 16
VisualStudioVersion = 16.0.30517.126
MinimumVisualStudioVersion = 10.0.40219.1
Project("{FAE04EC0-301F-11D3-BF4B-00C04F79EFBC}") = "DataFromFile", "DataFromFile\DataFromFile.csproj", "{995075CE-1C4B-464C-B965-E07144B31BEB}"
EndProject
Project("{FAE04EC0-301F-11D3-BF4B-00C04F79EFBC}") = "Horoscope", "Horoscope\Horoscope.csproj", "{AEFD3371-B608-46BF-82A6-9FCBB7A0C934}"
EndProject
Project("{FAE04EC0-301F-11D3-BF4B-00C04F79EFBC}") = "Chuck", "Chuck\Chuck.csproj", "{4DDF027C-55FE-49F3-9639-3B9369ABCD64}"
EndProject
Global
	GlobalSection(SolutionConfigurationPlatforms) = preSolution
		Debug|Any CPU = Debug|Any CPU
		Release|Any CPU = Release|Any CPU
	EndGlobalSection
	GlobalSection(ProjectConfigurationPlatforms) = postSolution
		{995075CE-1C4B-464C-B965-E07144B31BEB}.Debug|Any CPU.ActiveCfg = Debug|Any CPU
		{995075CE-1C4B-464C-B965-E07144B31BEB}.Debug|Any CPU.Build.0 = Debug|Any CPU
		{995075CE-1C4B-464C-B965-E07144B31BEB}.Release|Any CPU.ActiveCfg = Release|Any CPU
		{995075CE-1C4B-464C-B965-E07144B31BEB}.Release|Any CPU.Build.0 = Release|Any CPU
		{AEFD3371-B608-46BF-82A6-9FCBB7A0C934}.Debug|Any CPU.ActiveCfg = Debug|Any CPU
		{AEFD3371-B608-46BF-82A6-9FCBB7A0C934}.Debug|Any CPU.Build.0 = Debug|Any CPU
		{AEFD3371-B608-46BF-82A6-9FCBB7A0C934}.Release|Any CPU.ActiveCfg = Release|Any CPU
		{AEFD3371-B608-46BF-82A6-9FCBB7A0C934}.Release|Any CPU.Build.0 = Release|Any CPU
		{4DDF027C-55FE-49F3-9639-3B9369ABCD64}.Debug|Any CPU.ActiveCfg = Debug|Any CPU
		{4DDF027C-55FE-49F3-9639-3B9369ABCD64}.Debug|Any CPU.Build.0 = Debug|Any CPU
		{4DDF027C-55FE-49F3-9639-3B9369ABCD64}.Release|Any CPU.ActiveCfg = Release|Any CPU
		{4DDF027C-55FE-49F3-9639-3B9369ABCD64}.Release|Any CPU.Build.0 = Release|Any CPU
	EndGlobalSection
	GlobalSection(SolutionProperties) = preSolution
		HideSolutionNode = FALSE
	EndGlobalSection
	GlobalSection(ExtensibilityGlobals) = postSolution
		SolutionGuid = {16683C31-0346-45D1-8CBE-F1B62E0C0B25}
	EndGlobalSection
EndGlobal
